
Microsoft Visual Studio Solution File, Format Version 12.00
Project("{FAE04EC0-301F-11D3-BF4B-00C04F79EFBC}") = "ElcomPlus.TestTask", "ElcomPlus.TestTask\ElcomPlus.TestTask.csproj", "{8AC69D53-7DE4-4C9B-A42E-2F4BF9105931}"
EndProject
Global
	GlobalSection(SolutionConfigurationPlatforms) = preSolution
		Debug|Any CPU = Debug|Any CPU
		Release|Any CPU = Release|Any CPU
	EndGlobalSection
	GlobalSection(ProjectConfigurationPlatforms) = postSolution
		{8AC69D53-7DE4-4C9B-A42E-2F4BF9105931}.Debug|Any CPU.ActiveCfg = Debug|Any CPU
		{8AC69D53-7DE4-4C9B-A42E-2F4BF9105931}.Debug|Any CPU.Build.0 = Debug|Any CPU
		{8AC69D53-7DE4-4C9B-A42E-2F4BF9105931}.Release|Any CPU.ActiveCfg = Release|Any CPU
		{8AC69D53-7DE4-4C9B-A42E-2F4BF9105931}.Release|Any CPU.Build.0 = Release|Any CPU
	EndGlobalSection
EndGlobal
